
Microsoft Visual Studio Solution File, Format Version 12.00
# Visual Studio 2013
VisualStudioVersion = 12.0.40629.0
MinimumVisualStudioVersion = 10.0.40219.1
Project("{FAE04EC0-301F-11D3-BF4B-00C04F79EFBC}") = "Demo1", "Demo1\Demo1.csproj", "{FE49DF8A-8CD5-4AF4-AC33-DEE7E8A75256}"
EndProject
Global
	GlobalSection(SolutionConfigurationPlatforms) = preSolution
		Debug|Any CPU = Debug|Any CPU
		Release|Any CPU = Release|Any CPU
	EndGlobalSection
	GlobalSection(ProjectConfigurationPlatforms) = postSolution
		{FE49DF8A-8CD5-4AF4-AC33-DEE7E8A75256}.Debug|Any CPU.ActiveCfg = Debug|Any CPU
		{FE49DF8A-8CD5-4AF4-AC33-DEE7E8A75256}.Debug|Any CPU.Build.0 = Debug|Any CPU
		{FE49DF8A-8CD5-4AF4-AC33-DEE7E8A75256}.Release|Any CPU.ActiveCfg = Release|Any CPU
		{FE49DF8A-8CD5-4AF4-AC33-DEE7E8A75256}.Release|Any CPU.Build.0 = Release|Any CPU
	EndGlobalSection
	GlobalSection(SolutionProperties) = preSolution
		HideSolutionNode = FALSE
	EndGlobalSection
EndGlobal
